
Microsoft Visual Studio Solution File, Format Version 12.00
# Visual Studio Version 17
VisualStudioVersion = 17.9.34723.18
MinimumVisualStudioVersion = 10.0.40219.1
Project("{2150E333-8FDC-42A3-9474-1A3956D46DE8}") = "src", "src", "{67549AFD-E9C6-42A8-9E44-BAA90487273C}"
EndProject
Project("{9A19103F-16F7-4668-BE54-9A1E7A4F7556}") = "TestTaskForIntravision.Domain", "src\TestTaskForIntravision.Domain\TestTaskForIntravision.Domain.csproj", "{70764F2D-4469-49DC-8BE6-1FE6129481AD}"
EndProject
Project("{9A19103F-16F7-4668-BE54-9A1E7A4F7556}") = "TestTaskForIntravision.Infrastructure", "src\TestTaskForIntravision.Infrastructure\TestTaskForIntravision.Infrastructure.csproj", "{ADE1A316-27ED-4B72-8907-82F0DAE12555}"
EndProject
Project("{9A19103F-16F7-4668-BE54-9A1E7A4F7556}") = "TestTaskForIntravision.Application", "src\TestTaskForIntravision.Application\TestTaskForIntravision.Application.csproj", "{2A6D1C69-2CEE-419E-8005-1DE0BDB49E01}"
EndProject
Project("{9A19103F-16F7-4668-BE54-9A1E7A4F7556}") = "TestTaskForIntravision.WebApi", "src\TestTaskForIntravision.WebApi\TestTaskForIntravision.WebApi.csproj", "{416F26C8-E7E5-4CAD-9E7D-836212833B25}"
EndProject
Project("{E53339B2-1760-4266-BCC7-CA923CBCF16C}") = "docker-compose", "docker-compose.dcproj", "{457C97E8-0694-4251-B82F-71D4A7E1B81F}"
EndProject
Global
	GlobalSection(SolutionConfigurationPlatforms) = preSolution
		Debug|Any CPU = Debug|Any CPU
		Release|Any CPU = Release|Any CPU
	EndGlobalSection
	GlobalSection(ProjectConfigurationPlatforms) = postSolution
		{70764F2D-4469-49DC-8BE6-1FE6129481AD}.Debug|Any CPU.ActiveCfg = Debug|Any CPU
		{70764F2D-4469-49DC-8BE6-1FE6129481AD}.Debug|Any CPU.Build.0 = Debug|Any CPU
		{70764F2D-4469-49DC-8BE6-1FE6129481AD}.Release|Any CPU.ActiveCfg = Release|Any CPU
		{70764F2D-4469-49DC-8BE6-1FE6129481AD}.Release|Any CPU.Build.0 = Release|Any CPU
		{ADE1A316-27ED-4B72-8907-82F0DAE12555}.Debug|Any CPU.ActiveCfg = Debug|Any CPU
		{ADE1A316-27ED-4B72-8907-82F0DAE12555}.Debug|Any CPU.Build.0 = Debug|Any CPU
		{ADE1A316-27ED-4B72-8907-82F0DAE12555}.Release|Any CPU.ActiveCfg = Release|Any CPU
		{ADE1A316-27ED-4B72-8907-82F0DAE12555}.Release|Any CPU.Build.0 = Release|Any CPU
		{2A6D1C69-2CEE-419E-8005-1DE0BDB49E01}.Debug|Any CPU.ActiveCfg = Debug|Any CPU
		{2A6D1C69-2CEE-419E-8005-1DE0BDB49E01}.Debug|Any CPU.Build.0 = Debug|Any CPU
		{2A6D1C69-2CEE-419E-8005-1DE0BDB49E01}.Release|Any CPU.ActiveCfg = Release|Any CPU
		{2A6D1C69-2CEE-419E-8005-1DE0BDB49E01}.Release|Any CPU.Build.0 = Release|Any CPU
		{416F26C8-E7E5-4CAD-9E7D-836212833B25}.Debug|Any CPU.ActiveCfg = Debug|Any CPU
		{416F26C8-E7E5-4CAD-9E7D-836212833B25}.Debug|Any CPU.Build.0 = Debug|Any CPU
		{416F26C8-E7E5-4CAD-9E7D-836212833B25}.Release|Any CPU.ActiveCfg = Release|Any CPU
		{416F26C8-E7E5-4CAD-9E7D-836212833B25}.Release|Any CPU.Build.0 = Release|Any CPU
		{457C97E8-0694-4251-B82F-71D4A7E1B81F}.Debug|Any CPU.ActiveCfg = Debug|Any CPU
		{457C97E8-0694-4251-B82F-71D4A7E1B81F}.Debug|Any CPU.Build.0 = Debug|Any CPU
		{457C97E8-0694-4251-B82F-71D4A7E1B81F}.Release|Any CPU.ActiveCfg = Release|Any CPU
		{457C97E8-0694-4251-B82F-71D4A7E1B81F}.Release|Any CPU.Build.0 = Release|Any CPU
	EndGlobalSection
	GlobalSection(SolutionProperties) = preSolution
		HideSolutionNode = FALSE
	EndGlobalSection
	GlobalSection(NestedProjects) = preSolution
		{70764F2D-4469-49DC-8BE6-1FE6129481AD} = {67549AFD-E9C6-42A8-9E44-BAA90487273C}
		{ADE1A316-27ED-4B72-8907-82F0DAE12555} = {67549AFD-E9C6-42A8-9E44-BAA90487273C}
		{2A6D1C69-2CEE-419E-8005-1DE0BDB49E01} = {67549AFD-E9C6-42A8-9E44-BAA90487273C}
		{416F26C8-E7E5-4CAD-9E7D-836212833B25} = {67549AFD-E9C6-42A8-9E44-BAA90487273C}
	EndGlobalSection
	GlobalSection(ExtensibilityGlobals) = postSolution
		SolutionGuid = {63F98C0A-2D46-4983-B951-A49F975CBF84}
	EndGlobalSection
EndGlobal
